
Microsoft Visual Studio Solution File, Format Version 12.00
# Visual Studio Version 17
VisualStudioVersion = 17.11.35222.181
MinimumVisualStudioVersion = 10.0.40219.1
Project("{FAE04EC0-301F-11D3-BF4B-00C04F79EFBC}") = "практическая работа 1", "практическая работа 1\практическая работа 1.csproj", "{938BB63A-0CD3-4EAE-B954-21807BA72D39}"
EndProject
Global
	GlobalSection(SolutionConfigurationPlatforms) = preSolution
		Debug|Any CPU = Debug|Any CPU
		Release|Any CPU = Release|Any CPU
	EndGlobalSection
	GlobalSection(ProjectConfigurationPlatforms) = postSolution
		{938BB63A-0CD3-4EAE-B954-21807BA72D39}.Debug|Any CPU.ActiveCfg = Debug|Any CPU
		{938BB63A-0CD3-4EAE-B954-21807BA72D39}.Debug|Any CPU.Build.0 = Debug|Any CPU
		{938BB63A-0CD3-4EAE-B954-21807BA72D39}.Release|Any CPU.ActiveCfg = Release|Any CPU
		{938BB63A-0CD3-4EAE-B954-21807BA72D39}.Release|Any CPU.Build.0 = Release|Any CPU
	EndGlobalSection
	GlobalSection(SolutionProperties) = preSolution
		HideSolutionNode = FALSE
	EndGlobalSection
	GlobalSection(ExtensibilityGlobals) = postSolution
		SolutionGuid = {67DD5C43-F3E4-483F-87CE-B9AC6A28349D}
	EndGlobalSection
EndGlobal
